# This file is automatically @generated by Cargo.
# It is not intended for manual editing.
version = 4

[[package]]
name = "libxdsim"
version = "0.1.0"
source = "git+https://github.com/25cst/libxdsim#7cde4ad07186d9a84ef881a2965e6dd7c7f2f569"

[[package]]
name = "xdsim-dummy-bit-type"
version = "0.1.0"
dependencies = [
 "libxdsim",
]
