# This file is automatically @generated by Cargo.
# It is not intended for manual editing.
version = 4

[[package]]
name = "libxdsim"
version = "0.1.0"
source = "git+https://github.com/25cst/libxdsim#780b511ce1c256914b3e0eb5aaa8d8856686b2fa"

[[package]]
name = "xdsim-dummy-bit-type"
version = "0.1.0"
dependencies = [
 "libxdsim",
]
