# This file is automatically @generated by Cargo.
# It is not intended for manual editing.
version = 4

[[package]]
name = "libxdsim"
version = "0.1.0"
source = "git+https://github.com/25cst/libxdsim#2b9629336f3e93fc58e752d401b41b64ff140000"

[[package]]
name = "xdsim-dummy-bit-type"
version = "0.1.0"
dependencies = [
 "libxdsim",
]
